
Microsoft Visual Studio Solution File, Format Version 12.00
# Visual Studio Version 17
VisualStudioVersion = 17.11.35312.102
MinimumVisualStudioVersion = 10.0.40219.1
Project("{FAE04EC0-301F-11D3-BF4B-00C04F79EFBC}") = "Bridge Pattern", "Bridge Pattern\Bridge Pattern.csproj", "{C444281F-EDA4-4ACD-9AC0-A2722AEA7717}"
EndProject
Global
	GlobalSection(SolutionConfigurationPlatforms) = preSolution
		Debug|Any CPU = Debug|Any CPU
		Release|Any CPU = Release|Any CPU
	EndGlobalSection
	GlobalSection(ProjectConfigurationPlatforms) = postSolution
		{C444281F-EDA4-4ACD-9AC0-A2722AEA7717}.Debug|Any CPU.ActiveCfg = Debug|Any CPU
		{C444281F-EDA4-4ACD-9AC0-A2722AEA7717}.Debug|Any CPU.Build.0 = Debug|Any CPU
		{C444281F-EDA4-4ACD-9AC0-A2722AEA7717}.Release|Any CPU.ActiveCfg = Release|Any CPU
		{C444281F-EDA4-4ACD-9AC0-A2722AEA7717}.Release|Any CPU.Build.0 = Release|Any CPU
	EndGlobalSection
	GlobalSection(SolutionProperties) = preSolution
		HideSolutionNode = FALSE
	EndGlobalSection
	GlobalSection(ExtensibilityGlobals) = postSolution
		SolutionGuid = {880C97B0-3A6E-47E5-9D91-524B1AF65E4D}
	EndGlobalSection
EndGlobal
