
Microsoft Visual Studio Solution File, Format Version 12.00
# Visual Studio Version 17
VisualStudioVersion = 17.11.35312.102
MinimumVisualStudioVersion = 10.0.40219.1
Project("{FAE04EC0-301F-11D3-BF4B-00C04F79EFBC}") = "Adapter", "Adapter\Adapter.csproj", "{BFC1DE7C-1AD9-462B-BBA5-E6939F0C784C}"
EndProject
Global
	GlobalSection(SolutionConfigurationPlatforms) = preSolution
		Debug|Any CPU = Debug|Any CPU
		Release|Any CPU = Release|Any CPU
	EndGlobalSection
	GlobalSection(ProjectConfigurationPlatforms) = postSolution
		{BFC1DE7C-1AD9-462B-BBA5-E6939F0C784C}.Debug|Any CPU.ActiveCfg = Debug|Any CPU
		{BFC1DE7C-1AD9-462B-BBA5-E6939F0C784C}.Debug|Any CPU.Build.0 = Debug|Any CPU
		{BFC1DE7C-1AD9-462B-BBA5-E6939F0C784C}.Release|Any CPU.ActiveCfg = Release|Any CPU
		{BFC1DE7C-1AD9-462B-BBA5-E6939F0C784C}.Release|Any CPU.Build.0 = Release|Any CPU
	EndGlobalSection
	GlobalSection(SolutionProperties) = preSolution
		HideSolutionNode = FALSE
	EndGlobalSection
	GlobalSection(ExtensibilityGlobals) = postSolution
		SolutionGuid = {905D4FB3-C0EB-4F66-A784-FEEE825960A2}
	EndGlobalSection
EndGlobal
